
Microsoft Visual Studio Solution File, Format Version 12.00
# Visual Studio Version 17
VisualStudioVersion = 17.7.34202.233
MinimumVisualStudioVersion = 10.0.40219.1
Project("{FAE04EC0-301F-11D3-BF4B-00C04F79EFBC}") = "User_Registration_Or_Sign_Up", "User_Registration_Or_Sign_Up\User_Registration_Or_Sign_Up.csproj", "{A9757428-EE81-4FCD-919B-E254DBBFFFEB}"
EndProject
Global
	GlobalSection(SolutionConfigurationPlatforms) = preSolution
		Debug|Any CPU = Debug|Any CPU
		Release|Any CPU = Release|Any CPU
	EndGlobalSection
	GlobalSection(ProjectConfigurationPlatforms) = postSolution
		{A9757428-EE81-4FCD-919B-E254DBBFFFEB}.Debug|Any CPU.ActiveCfg = Debug|Any CPU
		{A9757428-EE81-4FCD-919B-E254DBBFFFEB}.Debug|Any CPU.Build.0 = Debug|Any CPU
		{A9757428-EE81-4FCD-919B-E254DBBFFFEB}.Release|Any CPU.ActiveCfg = Release|Any CPU
		{A9757428-EE81-4FCD-919B-E254DBBFFFEB}.Release|Any CPU.Build.0 = Release|Any CPU
	EndGlobalSection
	GlobalSection(SolutionProperties) = preSolution
		HideSolutionNode = FALSE
	EndGlobalSection
	GlobalSection(ExtensibilityGlobals) = postSolution
		SolutionGuid = {C2DC0C35-9228-42C7-9D19-271597E7BA66}
	EndGlobalSection
EndGlobal
